
Microsoft Visual Studio Solution File, Format Version 12.00
# Visual Studio Version 17
VisualStudioVersion = 17.5.33516.290
MinimumVisualStudioVersion = 10.0.40219.1
Project("{2150E333-8FDC-42A3-9474-1A3956D46DE8}") = "metadata", "metadata", "{50B0001E-35EA-47CD-89F2-A4BA94B5A8E0}"
	ProjectSection(SolutionItems) = preProject
		.clang-format = .clang-format
		.editorconfig = .editorconfig
	EndProjectSection
EndProject
Project("{9A19103F-16F7-4668-BE54-9A1E7A4F7556}") = "AslHelp", "src\AslHelp\AslHelp.csproj", "{7B399498-7E93-4C49-892B-AE1A1EC5F525}"
EndProject
Project("{9A19103F-16F7-4668-BE54-9A1E7A4F7556}") = "AslHelp.Core", "src\AslHelp.Core\AslHelp.Core.csproj", "{9CCE5252-203B-41AF-B128-BE32617B4225}"
EndProject
Project("{9A19103F-16F7-4668-BE54-9A1E7A4F7556}") = "AslHelp.Emu", "src\AslHelp.Emu\AslHelp.Emu.csproj", "{7BCDA4BA-0A10-469D-BDDE-23D2DA58DBFD}"
EndProject
Project("{9A19103F-16F7-4668-BE54-9A1E7A4F7556}") = "AslHelp.GameMaker", "src\AslHelp.GameMaker\AslHelp.GameMaker.csproj", "{E027BCC1-88F7-44CF-9825-0C44B4C150D9}"
EndProject
Project("{9A19103F-16F7-4668-BE54-9A1E7A4F7556}") = "AslHelp.Merge", "src\AslHelp.Merge\AslHelp.Merge.csproj", "{00B29C65-16C5-44E1-80D9-B4B410FD85C4}"
EndProject
Project("{9A19103F-16F7-4668-BE54-9A1E7A4F7556}") = "AslHelp.Unity", "src\AslHelp.Unity\AslHelp.Unity.csproj", "{14F387FA-8BBD-4996-8078-893C418C93CE}"
EndProject
Project("{9A19103F-16F7-4668-BE54-9A1E7A4F7556}") = "AslHelp.Unreal", "src\AslHelp.Unreal\AslHelp.Unreal.csproj", "{CF916438-976B-4A7C-8B8C-5E3E8579667D}"
EndProject
Project("{8BC9CEB8-8B4A-11D0-8D11-00A0C91BC942}") = "AslHelp.Native", "src\AslHelp.Native\AslHelp.Native.vcxproj", "{0B2EE3B1-1B18-44D1-AA69-13542333EEF4}"
EndProject
Global
	GlobalSection(SolutionConfigurationPlatforms) = preSolution
		Debug|Any CPU = Debug|Any CPU
		Debug|x64 = Debug|x64
		Debug|x86 = Debug|x86
		Release|Any CPU = Release|Any CPU
		Release|x64 = Release|x64
		Release|x86 = Release|x86
	EndGlobalSection
	GlobalSection(ProjectConfigurationPlatforms) = postSolution
		{7B399498-7E93-4C49-892B-AE1A1EC5F525}.Debug|Any CPU.ActiveCfg = Debug|Any CPU
		{7B399498-7E93-4C49-892B-AE1A1EC5F525}.Debug|Any CPU.Build.0 = Debug|Any CPU
		{7B399498-7E93-4C49-892B-AE1A1EC5F525}.Debug|x64.ActiveCfg = Debug|Any CPU
		{7B399498-7E93-4C49-892B-AE1A1EC5F525}.Debug|x64.Build.0 = Debug|Any CPU
		{7B399498-7E93-4C49-892B-AE1A1EC5F525}.Debug|x86.ActiveCfg = Debug|Any CPU
		{7B399498-7E93-4C49-892B-AE1A1EC5F525}.Debug|x86.Build.0 = Debug|Any CPU
		{7B399498-7E93-4C49-892B-AE1A1EC5F525}.Release|Any CPU.ActiveCfg = Release|Any CPU
		{7B399498-7E93-4C49-892B-AE1A1EC5F525}.Release|Any CPU.Build.0 = Release|Any CPU
		{7B399498-7E93-4C49-892B-AE1A1EC5F525}.Release|x64.ActiveCfg = Release|Any CPU
		{7B399498-7E93-4C49-892B-AE1A1EC5F525}.Release|x64.Build.0 = Release|Any CPU
		{7B399498-7E93-4C49-892B-AE1A1EC5F525}.Release|x86.ActiveCfg = Release|Any CPU
		{7B399498-7E93-4C49-892B-AE1A1EC5F525}.Release|x86.Build.0 = Release|Any CPU
		{9CCE5252-203B-41AF-B128-BE32617B4225}.Debug|Any CPU.ActiveCfg = Debug|Any CPU
		{9CCE5252-203B-41AF-B128-BE32617B4225}.Debug|Any CPU.Build.0 = Debug|Any CPU
		{9CCE5252-203B-41AF-B128-BE32617B4225}.Debug|x64.ActiveCfg = Debug|Any CPU
		{9CCE5252-203B-41AF-B128-BE32617B4225}.Debug|x64.Build.0 = Debug|Any CPU
		{9CCE5252-203B-41AF-B128-BE32617B4225}.Debug|x86.ActiveCfg = Debug|Any CPU
		{9CCE5252-203B-41AF-B128-BE32617B4225}.Debug|x86.Build.0 = Debug|Any CPU
		{9CCE5252-203B-41AF-B128-BE32617B4225}.Release|Any CPU.ActiveCfg = Release|Any CPU
		{9CCE5252-203B-41AF-B128-BE32617B4225}.Release|Any CPU.Build.0 = Release|Any CPU
		{9CCE5252-203B-41AF-B128-BE32617B4225}.Release|x64.ActiveCfg = Release|Any CPU
		{9CCE5252-203B-41AF-B128-BE32617B4225}.Release|x64.Build.0 = Release|Any CPU
		{9CCE5252-203B-41AF-B128-BE32617B4225}.Release|x86.ActiveCfg = Release|Any CPU
		{9CCE5252-203B-41AF-B128-BE32617B4225}.Release|x86.Build.0 = Release|Any CPU
		{7BCDA4BA-0A10-469D-BDDE-23D2DA58DBFD}.Debug|Any CPU.ActiveCfg = Debug|Any CPU
		{7BCDA4BA-0A10-469D-BDDE-23D2DA58DBFD}.Debug|Any CPU.Build.0 = Debug|Any CPU
		{7BCDA4BA-0A10-469D-BDDE-23D2DA58DBFD}.Debug|x64.ActiveCfg = Debug|Any CPU
		{7BCDA4BA-0A10-469D-BDDE-23D2DA58DBFD}.Debug|x64.Build.0 = Debug|Any CPU
		{7BCDA4BA-0A10-469D-BDDE-23D2DA58DBFD}.Debug|x86.ActiveCfg = Debug|Any CPU
		{7BCDA4BA-0A10-469D-BDDE-23D2DA58DBFD}.Debug|x86.Build.0 = Debug|Any CPU
		{7BCDA4BA-0A10-469D-BDDE-23D2DA58DBFD}.Release|Any CPU.ActiveCfg = Release|Any CPU
		{7BCDA4BA-0A10-469D-BDDE-23D2DA58DBFD}.Release|Any CPU.Build.0 = Release|Any CPU
		{7BCDA4BA-0A10-469D-BDDE-23D2DA58DBFD}.Release|x64.ActiveCfg = Release|Any CPU
		{7BCDA4BA-0A10-469D-BDDE-23D2DA58DBFD}.Release|x64.Build.0 = Release|Any CPU
		{7BCDA4BA-0A10-469D-BDDE-23D2DA58DBFD}.Release|x86.ActiveCfg = Release|Any CPU
		{7BCDA4BA-0A10-469D-BDDE-23D2DA58DBFD}.Release|x86.Build.0 = Release|Any CPU
		{E027BCC1-88F7-44CF-9825-0C44B4C150D9}.Debug|Any CPU.ActiveCfg = Debug|Any CPU
		{E027BCC1-88F7-44CF-9825-0C44B4C150D9}.Debug|Any CPU.Build.0 = Debug|Any CPU
		{E027BCC1-88F7-44CF-9825-0C44B4C150D9}.Debug|x64.ActiveCfg = Debug|Any CPU
		{E027BCC1-88F7-44CF-9825-0C44B4C150D9}.Debug|x64.Build.0 = Debug|Any CPU
		{E027BCC1-88F7-44CF-9825-0C44B4C150D9}.Debug|x86.ActiveCfg = Debug|Any CPU
		{E027BCC1-88F7-44CF-9825-0C44B4C150D9}.Debug|x86.Build.0 = Debug|Any CPU
		{E027BCC1-88F7-44CF-9825-0C44B4C150D9}.Release|Any CPU.ActiveCfg = Release|Any CPU
		{E027BCC1-88F7-44CF-9825-0C44B4C150D9}.Release|Any CPU.Build.0 = Release|Any CPU
		{E027BCC1-88F7-44CF-9825-0C44B4C150D9}.Release|x64.ActiveCfg = Release|Any CPU
		{E027BCC1-88F7-44CF-9825-0C44B4C150D9}.Release|x64.Build.0 = Release|Any CPU
		{E027BCC1-88F7-44CF-9825-0C44B4C150D9}.Release|x86.ActiveCfg = Release|Any CPU
		{E027BCC1-88F7-44CF-9825-0C44B4C150D9}.Release|x86.Build.0 = Release|Any CPU
		{00B29C65-16C5-44E1-80D9-B4B410FD85C4}.Debug|Any CPU.ActiveCfg = Debug|Any CPU
		{00B29C65-16C5-44E1-80D9-B4B410FD85C4}.Debug|Any CPU.Build.0 = Debug|Any CPU
		{00B29C65-16C5-44E1-80D9-B4B410FD85C4}.Debug|x64.ActiveCfg = Debug|Any CPU
		{00B29C65-16C5-44E1-80D9-B4B410FD85C4}.Debug|x64.Build.0 = Debug|Any CPU
		{00B29C65-16C5-44E1-80D9-B4B410FD85C4}.Debug|x86.ActiveCfg = Debug|Any CPU
		{00B29C65-16C5-44E1-80D9-B4B410FD85C4}.Debug|x86.Build.0 = Debug|Any CPU
		{00B29C65-16C5-44E1-80D9-B4B410FD85C4}.Release|Any CPU.ActiveCfg = Release|Any CPU
		{00B29C65-16C5-44E1-80D9-B4B410FD85C4}.Release|Any CPU.Build.0 = Release|Any CPU
		{00B29C65-16C5-44E1-80D9-B4B410FD85C4}.Release|x64.ActiveCfg = Release|Any CPU
		{00B29C65-16C5-44E1-80D9-B4B410FD85C4}.Release|x64.Build.0 = Release|Any CPU
		{00B29C65-16C5-44E1-80D9-B4B410FD85C4}.Release|x86.ActiveCfg = Release|Any CPU
		{00B29C65-16C5-44E1-80D9-B4B410FD85C4}.Release|x86.Build.0 = Release|Any CPU
		{14F387FA-8BBD-4996-8078-893C418C93CE}.Debug|Any CPU.ActiveCfg = Debug|Any CPU
		{14F387FA-8BBD-4996-8078-893C418C93CE}.Debug|Any CPU.Build.0 = Debug|Any CPU
		{14F387FA-8BBD-4996-8078-893C418C93CE}.Debug|x64.ActiveCfg = Debug|Any CPU
		{14F387FA-8BBD-4996-8078-893C418C93CE}.Debug|x64.Build.0 = Debug|Any CPU
		{14F387FA-8BBD-4996-8078-893C418C93CE}.Debug|x86.ActiveCfg = Debug|Any CPU
		{14F387FA-8BBD-4996-8078-893C418C93CE}.Debug|x86.Build.0 = Debug|Any CPU
		{14F387FA-8BBD-4996-8078-893C418C93CE}.Release|Any CPU.ActiveCfg = Release|Any CPU
		{14F387FA-8BBD-4996-8078-893C418C93CE}.Release|Any CPU.Build.0 = Release|Any CPU
		{14F387FA-8BBD-4996-8078-893C418C93CE}.Release|x64.ActiveCfg = Release|Any CPU
		{14F387FA-8BBD-4996-8078-893C418C93CE}.Release|x64.Build.0 = Release|Any CPU
		{14F387FA-8BBD-4996-8078-893C418C93CE}.Release|x86.ActiveCfg = Release|Any CPU
		{14F387FA-8BBD-4996-8078-893C418C93CE}.Release|x86.Build.0 = Release|Any CPU
		{CF916438-976B-4A7C-8B8C-5E3E8579667D}.Debug|Any CPU.ActiveCfg = Debug|Any CPU
		{CF916438-976B-4A7C-8B8C-5E3E8579667D}.Debug|Any CPU.Build.0 = Debug|Any CPU
		{CF916438-976B-4A7C-8B8C-5E3E8579667D}.Debug|x64.ActiveCfg = Debug|Any CPU
		{CF916438-976B-4A7C-8B8C-5E3E8579667D}.Debug|x64.Build.0 = Debug|Any CPU
		{CF916438-976B-4A7C-8B8C-5E3E8579667D}.Debug|x86.ActiveCfg = Debug|Any CPU
		{CF916438-976B-4A7C-8B8C-5E3E8579667D}.Debug|x86.Build.0 = Debug|Any CPU
		{CF916438-976B-4A7C-8B8C-5E3E8579667D}.Release|Any CPU.ActiveCfg = Release|Any CPU
		{CF916438-976B-4A7C-8B8C-5E3E8579667D}.Release|Any CPU.Build.0 = Release|Any CPU
		{CF916438-976B-4A7C-8B8C-5E3E8579667D}.Release|x64.ActiveCfg = Release|Any CPU
		{CF916438-976B-4A7C-8B8C-5E3E8579667D}.Release|x64.Build.0 = Release|Any CPU
		{CF916438-976B-4A7C-8B8C-5E3E8579667D}.Release|x86.ActiveCfg = Release|Any CPU
		{CF916438-976B-4A7C-8B8C-5E3E8579667D}.Release|x86.Build.0 = Release|Any CPU
		{0B2EE3B1-1B18-44D1-AA69-13542333EEF4}.Debug|Any CPU.ActiveCfg = Debug|x64
		{0B2EE3B1-1B18-44D1-AA69-13542333EEF4}.Debug|Any CPU.Build.0 = Debug|x64
		{0B2EE3B1-1B18-44D1-AA69-13542333EEF4}.Debug|x64.ActiveCfg = Debug|x64
		{0B2EE3B1-1B18-44D1-AA69-13542333EEF4}.Debug|x64.Build.0 = Debug|x64
		{0B2EE3B1-1B18-44D1-AA69-13542333EEF4}.Debug|x86.ActiveCfg = Debug|Win32
		{0B2EE3B1-1B18-44D1-AA69-13542333EEF4}.Debug|x86.Build.0 = Debug|Win32
		{0B2EE3B1-1B18-44D1-AA69-13542333EEF4}.Release|Any CPU.ActiveCfg = Release|x64
		{0B2EE3B1-1B18-44D1-AA69-13542333EEF4}.Release|Any CPU.Build.0 = Release|x64
		{0B2EE3B1-1B18-44D1-AA69-13542333EEF4}.Release|x64.ActiveCfg = Release|x64
		{0B2EE3B1-1B18-44D1-AA69-13542333EEF4}.Release|x64.Build.0 = Release|x64
		{0B2EE3B1-1B18-44D1-AA69-13542333EEF4}.Release|x86.ActiveCfg = Release|Win32
		{0B2EE3B1-1B18-44D1-AA69-13542333EEF4}.Release|x86.Build.0 = Release|Win32
	EndGlobalSection
	GlobalSection(SolutionProperties) = preSolution
		HideSolutionNode = FALSE
	EndGlobalSection
	GlobalSection(ExtensibilityGlobals) = postSolution
		SolutionGuid = {23C06467-6AFF-4FE3-AD9C-4BD1FB89438E}
	EndGlobalSection
EndGlobal
