
Microsoft Visual Studio Solution File, Format Version 12.00
Project("{2150E333-8FDC-42A3-9474-1A3956D46DE8}") = "Solution Items", "Solution Items", "{50B0001E-35EA-47CD-89F2-A4BA94B5A8E0}"
	ProjectSection(SolutionItems) = preProject
		.editorconfig = .editorconfig
		.lsdir = .lsdir
	EndProjectSection
EndProject
Project("{9A19103F-16F7-4668-BE54-9A1E7A4F7556}") = "AslHelp", "src\AslHelp\AslHelp.csproj", "{7B399498-7E93-4C49-892B-AE1A1EC5F525}"
EndProject
Project("{9A19103F-16F7-4668-BE54-9A1E7A4F7556}") = "AslHelp.Core", "src\AslHelp.Core\AslHelp.Core.csproj", "{9CCE5252-203B-41AF-B128-BE32617B4225}"
EndProject
Project("{9A19103F-16F7-4668-BE54-9A1E7A4F7556}") = "AslHelp.Emu", "src\AslHelp.Emu\AslHelp.Emu.csproj", "{7BCDA4BA-0A10-469D-BDDE-23D2DA58DBFD}"
EndProject
Project("{9A19103F-16F7-4668-BE54-9A1E7A4F7556}") = "AslHelp.GameMaker", "src\AslHelp.GameMaker\AslHelp.GameMaker.csproj", "{E027BCC1-88F7-44CF-9825-0C44B4C150D9}"
EndProject
Project("{9A19103F-16F7-4668-BE54-9A1E7A4F7556}") = "AslHelp.Merge", "src\AslHelp.Merge\AslHelp.Merge.csproj", "{00B29C65-16C5-44E1-80D9-B4B410FD85C4}"
EndProject
Project("{9A19103F-16F7-4668-BE54-9A1E7A4F7556}") = "AslHelp.Native", "src\AslHelp.Native\AslHelp.Native.csproj", "{6EBD746C-ABC3-49E8-812D-F837FB659302}"
EndProject
Project("{9A19103F-16F7-4668-BE54-9A1E7A4F7556}") = "AslHelp.Unity", "src\AslHelp.Unity\AslHelp.Unity.csproj", "{14F387FA-8BBD-4996-8078-893C418C93CE}"
EndProject
Project("{9A19103F-16F7-4668-BE54-9A1E7A4F7556}") = "AslHelp.Unreal", "src\AslHelp.Unreal\AslHelp.Unreal.csproj", "{CF916438-976B-4A7C-8B8C-5E3E8579667D}"
EndProject
Global
	GlobalSection(SolutionConfigurationPlatforms) = preSolution
		Debug|Any CPU = Debug|Any CPU
		Release|Any CPU = Release|Any CPU
	EndGlobalSection
	GlobalSection(ProjectConfigurationPlatforms) = postSolution
		{7B399498-7E93-4C49-892B-AE1A1EC5F525}.Debug|Any CPU.ActiveCfg = Debug|Any CPU
		{7B399498-7E93-4C49-892B-AE1A1EC5F525}.Debug|Any CPU.Build.0 = Debug|Any CPU
		{7B399498-7E93-4C49-892B-AE1A1EC5F525}.Release|Any CPU.ActiveCfg = Release|Any CPU
		{7B399498-7E93-4C49-892B-AE1A1EC5F525}.Release|Any CPU.Build.0 = Release|Any CPU
		{9CCE5252-203B-41AF-B128-BE32617B4225}.Debug|Any CPU.ActiveCfg = Debug|Any CPU
		{9CCE5252-203B-41AF-B128-BE32617B4225}.Debug|Any CPU.Build.0 = Debug|Any CPU
		{9CCE5252-203B-41AF-B128-BE32617B4225}.Release|Any CPU.ActiveCfg = Release|Any CPU
		{9CCE5252-203B-41AF-B128-BE32617B4225}.Release|Any CPU.Build.0 = Release|Any CPU
		{7BCDA4BA-0A10-469D-BDDE-23D2DA58DBFD}.Debug|Any CPU.ActiveCfg = Debug|Any CPU
		{7BCDA4BA-0A10-469D-BDDE-23D2DA58DBFD}.Debug|Any CPU.Build.0 = Debug|Any CPU
		{7BCDA4BA-0A10-469D-BDDE-23D2DA58DBFD}.Release|Any CPU.ActiveCfg = Release|Any CPU
		{7BCDA4BA-0A10-469D-BDDE-23D2DA58DBFD}.Release|Any CPU.Build.0 = Release|Any CPU
		{E027BCC1-88F7-44CF-9825-0C44B4C150D9}.Debug|Any CPU.ActiveCfg = Debug|Any CPU
		{E027BCC1-88F7-44CF-9825-0C44B4C150D9}.Debug|Any CPU.Build.0 = Debug|Any CPU
		{E027BCC1-88F7-44CF-9825-0C44B4C150D9}.Release|Any CPU.ActiveCfg = Release|Any CPU
		{E027BCC1-88F7-44CF-9825-0C44B4C150D9}.Release|Any CPU.Build.0 = Release|Any CPU
		{00B29C65-16C5-44E1-80D9-B4B410FD85C4}.Debug|Any CPU.ActiveCfg = Debug|Any CPU
		{00B29C65-16C5-44E1-80D9-B4B410FD85C4}.Debug|Any CPU.Build.0 = Debug|Any CPU
		{00B29C65-16C5-44E1-80D9-B4B410FD85C4}.Release|Any CPU.ActiveCfg = Release|Any CPU
		{00B29C65-16C5-44E1-80D9-B4B410FD85C4}.Release|Any CPU.Build.0 = Release|Any CPU
		{6EBD746C-ABC3-49E8-812D-F837FB659302}.Debug|Any CPU.ActiveCfg = Debug|Any CPU
		{6EBD746C-ABC3-49E8-812D-F837FB659302}.Debug|Any CPU.Build.0 = Debug|Any CPU
		{6EBD746C-ABC3-49E8-812D-F837FB659302}.Release|Any CPU.ActiveCfg = Release|Any CPU
		{6EBD746C-ABC3-49E8-812D-F837FB659302}.Release|Any CPU.Build.0 = Release|Any CPU
		{14F387FA-8BBD-4996-8078-893C418C93CE}.Debug|Any CPU.ActiveCfg = Debug|Any CPU
		{14F387FA-8BBD-4996-8078-893C418C93CE}.Debug|Any CPU.Build.0 = Debug|Any CPU
		{14F387FA-8BBD-4996-8078-893C418C93CE}.Release|Any CPU.ActiveCfg = Release|Any CPU
		{14F387FA-8BBD-4996-8078-893C418C93CE}.Release|Any CPU.Build.0 = Release|Any CPU
		{CF916438-976B-4A7C-8B8C-5E3E8579667D}.Debug|Any CPU.ActiveCfg = Debug|Any CPU
		{CF916438-976B-4A7C-8B8C-5E3E8579667D}.Debug|Any CPU.Build.0 = Debug|Any CPU
		{CF916438-976B-4A7C-8B8C-5E3E8579667D}.Release|Any CPU.ActiveCfg = Release|Any CPU
		{CF916438-976B-4A7C-8B8C-5E3E8579667D}.Release|Any CPU.Build.0 = Release|Any CPU
	EndGlobalSection
	GlobalSection(SolutionProperties) = preSolution
		HideSolutionNode = FALSE
	EndGlobalSection
	GlobalSection(ExtensibilityGlobals) = postSolution
		SolutionGuid = {23C06467-6AFF-4FE3-AD9C-4BD1FB89438E}
	EndGlobalSection
EndGlobal
