
Microsoft Visual Studio Solution File, Format Version 12.00
# 
VisualStudioVersion = 17.5.002.0
MinimumVisualStudioVersion = 
Project("{2150E333-8FDC-42A3-9474-1A3956D46DE8}") = ".root", ".root", "{A46E4AD5-173F-4C5B-806D-93D2CF8E02C2}"
	ProjectSection(SolutionItems) = preProject
		.clang-format = .clang-format
		.editorconfig = .editorconfig
		Directory.Build.props = Directory.Build.props
	EndProjectSection
EndProject
Project("{2150E333-8FDC-42A3-9474-1A3956D46DE8}") = "schemas", "schemas", "{D6F42E96-A67F-4740-A122-C9A9D18108AD}"
	ProjectSection(SolutionItems) = preProject
		schemas\asl-help.settings.schema.dtd = schemas\asl-help.settings.schema.dtd
		schemas\asl-help.settings.schema.json = schemas\asl-help.settings.schema.json
		schemas\asl-help.settings-condensed.schema.json = schemas\asl-help.settings-condensed.schema.json
		schemas\asl-help.structs.schema.json = schemas\asl-help.structs.schema.json
	EndProjectSection
EndProject
Project("{2150E333-8FDC-42A3-9474-1A3956D46DE8}") = "impl", "impl", "{31E0FBCC-A99E-4675-97D7-2DE0597F39C1}"
	ProjectSection(SolutionItems) = preProject
		impl\Directory.Build.props = impl\Directory.Build.props
	EndProjectSection
EndProject
Project("{2150E333-8FDC-42A3-9474-1A3956D46DE8}") = "src", "src", "{03B55EFA-7C4A-4637-B216-64AB03AE422E}"
	ProjectSection(SolutionItems) = preProject
		src\Directory.Build.props = src\Directory.Build.props
	EndProjectSection
EndProject
Project("{FAE04EC0-301F-11D3-BF4B-00C04F79EFBC}") = "AslHelp.Build", "src\AslHelp.Build\AslHelp.Build.csproj", "{32824833-E345-4061-A8FE-0209C8BCB463}"
EndProject
Project("{FAE04EC0-301F-11D3-BF4B-00C04F79EFBC}") = "AslHelp.Common", "src\AslHelp.Common\AslHelp.Common.csproj", "{D98DD0A7-243E-4DA1-BE51-CCEA8118C632}"
EndProject
Project("{FAE04EC0-301F-11D3-BF4B-00C04F79EFBC}") = "AslHelp.Core", "src\AslHelp.Core\AslHelp.Core.csproj", "{190DC871-5D68-4769-B3CA-9C9A70191CCE}"
EndProject
Project("{FAE04EC0-301F-11D3-BF4B-00C04F79EFBC}") = "AslHelp.Basic", "impl\AslHelp.Basic\AslHelp.Basic.csproj", "{FFED421D-4DA8-4D1C-A26C-7FDD4A8644C3}"
EndProject
Project("{FAE04EC0-301F-11D3-BF4B-00C04F79EFBC}") = "AslHelp.Unity", "impl\AslHelp.Unity\AslHelp.Unity.csproj", "{1E9EE522-2F4D-4AEA-BC37-D1BBA1344083}"
EndProject
Project("{FAE04EC0-301F-11D3-BF4B-00C04F79EFBC}") = "AslHelp.ClickteamFusion", "impl\AslHelp.ClickteamFusion\AslHelp.ClickteamFusion.csproj", "{1725218C-32CB-4502-9E85-EF73342A0FC9}"
EndProject
Project("{2150E333-8FDC-42A3-9474-1A3956D46DE8}") = "test", "test", "{2ABCC010-D775-407F-9F92-2F0EA8CBCA1B}"
EndProject
Project("{FAE04EC0-301F-11D3-BF4B-00C04F79EFBC}") = "AslHelp.Common.UnitTests", "test\AslHelp.Common.UnitTests\AslHelp.Common.UnitTests.csproj", "{C1A03378-D2DB-49D2-9225-4EF479027EC9}"
EndProject
Project("{FAE04EC0-301F-11D3-BF4B-00C04F79EFBC}") = "AslHelp.GameMaker", "impl\AslHelp.GameMaker\AslHelp.GameMaker.csproj", "{AF268660-D741-4633-A9AC-9DE46E100E4B}"
EndProject
Global
	GlobalSection(SolutionConfigurationPlatforms) = preSolution
		Debug|Any CPU = Debug|Any CPU
		Release|Any CPU = Release|Any CPU
	EndGlobalSection
	GlobalSection(ProjectConfigurationPlatforms) = postSolution
		{32824833-E345-4061-A8FE-0209C8BCB463}.Debug|Any CPU.ActiveCfg = Debug|Any CPU
		{32824833-E345-4061-A8FE-0209C8BCB463}.Debug|Any CPU.Build.0 = Debug|Any CPU
		{32824833-E345-4061-A8FE-0209C8BCB463}.Release|Any CPU.ActiveCfg = Release|Any CPU
		{32824833-E345-4061-A8FE-0209C8BCB463}.Release|Any CPU.Build.0 = Release|Any CPU
		{D98DD0A7-243E-4DA1-BE51-CCEA8118C632}.Debug|Any CPU.ActiveCfg = Debug|Any CPU
		{D98DD0A7-243E-4DA1-BE51-CCEA8118C632}.Debug|Any CPU.Build.0 = Debug|Any CPU
		{D98DD0A7-243E-4DA1-BE51-CCEA8118C632}.Release|Any CPU.ActiveCfg = Release|Any CPU
		{D98DD0A7-243E-4DA1-BE51-CCEA8118C632}.Release|Any CPU.Build.0 = Release|Any CPU
		{190DC871-5D68-4769-B3CA-9C9A70191CCE}.Debug|Any CPU.ActiveCfg = Debug|Any CPU
		{190DC871-5D68-4769-B3CA-9C9A70191CCE}.Debug|Any CPU.Build.0 = Debug|Any CPU
		{190DC871-5D68-4769-B3CA-9C9A70191CCE}.Release|Any CPU.ActiveCfg = Release|Any CPU
		{190DC871-5D68-4769-B3CA-9C9A70191CCE}.Release|Any CPU.Build.0 = Release|Any CPU
		{FFED421D-4DA8-4D1C-A26C-7FDD4A8644C3}.Debug|Any CPU.ActiveCfg = Debug|Any CPU
		{FFED421D-4DA8-4D1C-A26C-7FDD4A8644C3}.Debug|Any CPU.Build.0 = Debug|Any CPU
		{FFED421D-4DA8-4D1C-A26C-7FDD4A8644C3}.Release|Any CPU.ActiveCfg = Release|Any CPU
		{FFED421D-4DA8-4D1C-A26C-7FDD4A8644C3}.Release|Any CPU.Build.0 = Release|Any CPU
		{1E9EE522-2F4D-4AEA-BC37-D1BBA1344083}.Debug|Any CPU.ActiveCfg = Debug|Any CPU
		{1E9EE522-2F4D-4AEA-BC37-D1BBA1344083}.Debug|Any CPU.Build.0 = Debug|Any CPU
		{1E9EE522-2F4D-4AEA-BC37-D1BBA1344083}.Release|Any CPU.ActiveCfg = Release|Any CPU
		{1E9EE522-2F4D-4AEA-BC37-D1BBA1344083}.Release|Any CPU.Build.0 = Release|Any CPU
		{1725218C-32CB-4502-9E85-EF73342A0FC9}.Debug|Any CPU.ActiveCfg = Debug|Any CPU
		{1725218C-32CB-4502-9E85-EF73342A0FC9}.Debug|Any CPU.Build.0 = Debug|Any CPU
		{1725218C-32CB-4502-9E85-EF73342A0FC9}.Release|Any CPU.ActiveCfg = Release|Any CPU
		{1725218C-32CB-4502-9E85-EF73342A0FC9}.Release|Any CPU.Build.0 = Release|Any CPU
		{C1A03378-D2DB-49D2-9225-4EF479027EC9}.Debug|Any CPU.ActiveCfg = Debug|Any CPU
		{C1A03378-D2DB-49D2-9225-4EF479027EC9}.Debug|Any CPU.Build.0 = Debug|Any CPU
		{C1A03378-D2DB-49D2-9225-4EF479027EC9}.Release|Any CPU.ActiveCfg = Release|Any CPU
		{C1A03378-D2DB-49D2-9225-4EF479027EC9}.Release|Any CPU.Build.0 = Release|Any CPU
		{AF268660-D741-4633-A9AC-9DE46E100E4B}.Debug|Any CPU.ActiveCfg = Debug|Any CPU
		{AF268660-D741-4633-A9AC-9DE46E100E4B}.Debug|Any CPU.Build.0 = Debug|Any CPU
		{AF268660-D741-4633-A9AC-9DE46E100E4B}.Release|Any CPU.ActiveCfg = Release|Any CPU
		{AF268660-D741-4633-A9AC-9DE46E100E4B}.Release|Any CPU.Build.0 = Release|Any CPU
	EndGlobalSection
	GlobalSection(SolutionProperties) = preSolution
		HideSolutionNode = FALSE
	EndGlobalSection
	GlobalSection(NestedProjects) = preSolution
		{D6F42E96-A67F-4740-A122-C9A9D18108AD} = {A46E4AD5-173F-4C5B-806D-93D2CF8E02C2}
		{32824833-E345-4061-A8FE-0209C8BCB463} = {03B55EFA-7C4A-4637-B216-64AB03AE422E}
		{D98DD0A7-243E-4DA1-BE51-CCEA8118C632} = {03B55EFA-7C4A-4637-B216-64AB03AE422E}
		{190DC871-5D68-4769-B3CA-9C9A70191CCE} = {03B55EFA-7C4A-4637-B216-64AB03AE422E}
		{FFED421D-4DA8-4D1C-A26C-7FDD4A8644C3} = {31E0FBCC-A99E-4675-97D7-2DE0597F39C1}
		{1E9EE522-2F4D-4AEA-BC37-D1BBA1344083} = {31E0FBCC-A99E-4675-97D7-2DE0597F39C1}
		{1725218C-32CB-4502-9E85-EF73342A0FC9} = {31E0FBCC-A99E-4675-97D7-2DE0597F39C1}
		{C1A03378-D2DB-49D2-9225-4EF479027EC9} = {2ABCC010-D775-407F-9F92-2F0EA8CBCA1B}
		{AF268660-D741-4633-A9AC-9DE46E100E4B} = {31E0FBCC-A99E-4675-97D7-2DE0597F39C1}
	EndGlobalSection
EndGlobal
